
Microsoft Visual Studio Solution File, Format Version 12.00
# Visual Studio 14
VisualStudioVersion = 14.0.25420.1
MinimumVisualStudioVersion = 10.0.40219.1
Project("{E24C65DC-7377-472B-9ABA-BC803B73C61A}") = "jalagam(29-09-2019)", ".", "{BFB478CC-26BF-4596-93BA-F37BF29B3FAC}"
	ProjectSection(WebsiteProperties) = preProject
		TargetFrameworkMoniker = ".NETFramework,Version%3Dv4.5"
		Debug.AspNetCompiler.VirtualPath = "/localhost_51497"
		Debug.AspNetCompiler.PhysicalPath = "F:\jalagam\jalagam(29-09-2019)\"
		Debug.AspNetCompiler.TargetPath = "PrecompiledWeb\localhost_51497\"
		Debug.AspNetCompiler.Updateable = "true"
		Debug.AspNetCompiler.ForceOverwrite = "true"
		Debug.AspNetCompiler.FixedNames = "false"
		Debug.AspNetCompiler.Debug = "True"
		Release.AspNetCompiler.VirtualPath = "/localhost_51497"
		Release.AspNetCompiler.PhysicalPath = "F:\jalagam\jalagam(29-09-2019)\"
		Release.AspNetCompiler.TargetPath = "PrecompiledWeb\localhost_51497\"
		Release.AspNetCompiler.Updateable = "true"
		Release.AspNetCompiler.ForceOverwrite = "true"
		Release.AspNetCompiler.FixedNames = "false"
		Release.AspNetCompiler.Debug = "False"
		VWDPort = "51497"
	EndProjectSection
EndProject
Global
	GlobalSection(SolutionConfigurationPlatforms) = preSolution
		Debug|Any CPU = Debug|Any CPU
	EndGlobalSection
	GlobalSection(ProjectConfigurationPlatforms) = postSolution
		{BFB478CC-26BF-4596-93BA-F37BF29B3FAC}.Debug|Any CPU.ActiveCfg = Debug|Any CPU
		{BFB478CC-26BF-4596-93BA-F37BF29B3FAC}.Debug|Any CPU.Build.0 = Debug|Any CPU
	EndGlobalSection
	GlobalSection(SolutionProperties) = preSolution
		HideSolutionNode = FALSE
	EndGlobalSection
EndGlobal
